<?xml version="1.0" encoding="utf-8"?>
<Project ToolsVersion="4.0" xmlns="http://schemas.microsoft.com/developer/msbuild/2003">
  <ItemGroup>
    <Filter Include="main">
      <UniqueIdentifier>{8c974855-f783-4aeb-b50d-3f57729a4034}</UniqueIdentifier>
    </Filter>
    <Filter Include="header">
      <UniqueIdentifier>{fddad731-d80c-4d22-b88d-b63a929d8027}</UniqueIdentifier>
    </Filter>
  </ItemGroup>
  <ItemGroup>
    <ClInclude Include="Header.h">
      <Filter>header</Filter>
    </ClInclude>
  </ItemGroup>
  <ItemGroup>
    <ClCompile Include="Source.cpp">
      <Filter>main</Filter>
    </ClCompile>
  </ItemGroup>
</Project>